// !$*UTF8*$!
{
	archiveVersion = 1;
	classes = {
	};
	objectVersion = 56;
	objects = {

/* Begin PBXBuildFile section */
		3D369D632958FB5300A6E7C4 /* AppDelegate.m in Sources */ = {isa = PBXBuildFile; fileRef = 3D369D622958FB5300A6E7C4 /* AppDelegate.m */; };
		3D369D662958FB5300A6E7C4 /* SceneDelegate.m in Sources */ = {isa = PBXBuildFile; fileRef = 3D369D652958FB5300A6E7C4 /* SceneDelegate.m */; };
		3D369D692958FB5300A6E7C4 /* ViewController.m in Sources */ = {isa = PBXBuildFile; fileRef = 3D369D682958FB5300A6E7C4 /* ViewController.m */; };
		3D369D6C2958FB5300A6E7C4 /* Main.storyboard in Resources */ = {isa = PBXBuildFile; fileRef = 3D369D6A2958FB5300A6E7C4 /* Main.storyboard */; };
		3D369D712958FB5400A6E7C4 /* LaunchScreen.storyboard in Resources */ = {isa = PBXBuildFile; fileRef = 3D369D6F2958FB5400A6E7C4 /* LaunchScreen.storyboard */; };
		3D369D742958FB5400A6E7C4 /* main.m in Sources */ = {isa = PBXBuildFile; fileRef = 3D369D732958FB5400A6E7C4 /* main.m */; };
		3D369D7F29590DFD00A6E7C4 /* poc.m in Sources */ = {isa = PBXBuildFile; fileRef = 3D369D7E29590DFD00A6E7C4 /* poc.m */; };
		3D369D8E2959C83F00A6E7C4 /* Assets.xcassets in Resources */ = {isa = PBXBuildFile; fileRef = 3D369D8D2959C83F00A6E7C4 /* Assets.xcassets */; };
		3D9B1A9D295A1C540025A0E0 /* Localizable.strings in Resources */ = {isa = PBXBuildFile; fileRef = 3D9B1A9F295A1C540025A0E0 /* Localizable.strings */; };
/* End PBXBuildFile section */

/* Begin PBXFileReference section */
		3D369D5E2958FB5300A6E7C4 /* NoCameraSound.app */ = {isa = PBXFileReference; explicitFileType = wrapper.application; includeInIndex = 0; path = NoCameraSound.app; sourceTree = BUILT_PRODUCTS_DIR; };
		3D369D612958FB5300A6E7C4 /* AppDelegate.h */ = {isa = PBXFileReference; lastKnownFileType = sourcecode.c.h; path = AppDelegate.h; sourceTree = "<group>"; };
		3D369D622958FB5300A6E7C4 /* AppDelegate.m */ = {isa = PBXFileReference; lastKnownFileType = sourcecode.c.objc; path = AppDelegate.m; sourceTree = "<group>"; };
		3D369D642958FB5300A6E7C4 /* SceneDelegate.h */ = {isa = PBXFileReference; lastKnownFileType = sourcecode.c.h; path = SceneDelegate.h; sourceTree = "<group>"; };
		3D369D652958FB5300A6E7C4 /* SceneDelegate.m */ = {isa = PBXFileReference; lastKnownFileType = sourcecode.c.objc; path = SceneDelegate.m; sourceTree = "<group>"; };
		3D369D672958FB5300A6E7C4 /* ViewController.h */ = {isa = PBXFileReference; lastKnownFileType = sourcecode.c.h; path = ViewController.h; sourceTree = "<group>"; };
		3D369D682958FB5300A6E7C4 /* ViewController.m */ = {isa = PBXFileReference; lastKnownFileType = sourcecode.c.objc; path = ViewController.m; sourceTree = "<group>"; };
		3D369D6B2958FB5300A6E7C4 /* Base */ = {isa = PBXFileReference; lastKnownFileType = file.storyboard; name = Base; path = Base.lproj/Main.storyboard; sourceTree = "<group>"; };
		3D369D702958FB5400A6E7C4 /* Base */ = {isa = PBXFileReference; lastKnownFileType = file.storyboard; name = Base; path = Base.lproj/LaunchScreen.storyboard; sourceTree = "<group>"; };
		3D369D722958FB5400A6E7C4 /* Info.plist */ = {isa = PBXFileReference; lastKnownFileType = text.plist.xml; path = Info.plist; sourceTree = "<group>"; };
		3D369D732958FB5400A6E7C4 /* main.m */ = {isa = PBXFileReference; lastKnownFileType = sourcecode.c.objc; path = main.m; sourceTree = "<group>"; };
		3D369D7D29590DF900A6E7C4 /* poc.h */ = {isa = PBXFileReference; lastKnownFileType = sourcecode.c.h; path = poc.h; sourceTree = "<group>"; };
		3D369D7E29590DFD00A6E7C4 /* poc.m */ = {isa = PBXFileReference; fileEncoding = 4; lastKnownFileType = sourcecode.c.objc; path = poc.m; sourceTree = "<group>"; };
		3D369D8D2959C83F00A6E7C4 /* Assets.xcassets */ = {isa = PBXFileReference; lastKnownFileType = folder.assetcatalog; name = Assets.xcassets; path = "../../../Downloads/AppIcons-3/Assets.xcassets"; sourceTree = "<group>"; };
		3D9B1A99295A1C230025A0E0 /* ja */ = {isa = PBXFileReference; lastKnownFileType = text.plist.strings; name = ja; path = ja.lproj/Main.strings; sourceTree = "<group>"; };
		3D9B1A9A295A1C240025A0E0 /* ja */ = {isa = PBXFileReference; lastKnownFileType = text.plist.strings; name = ja; path = ja.lproj/LaunchScreen.strings; sourceTree = "<group>"; };
		3D9B1A9E295A1C540025A0E0 /* ja */ = {isa = PBXFileReference; lastKnownFileType = text.plist.strings; name = ja; path = ja.lproj/Localizable.strings; sourceTree = "<group>"; };
/* End PBXFileReference section */

/* Begin PBXFrameworksBuildPhase section */
		3D369D5B2958FB5300A6E7C4 /* Frameworks */ = {
			isa = PBXFrameworksBuildPhase;
			buildActionMask = 2147483647;
			files = (
			);
			runOnlyForDeploymentPostprocessing = 0;
		};
/* End PBXFrameworksBuildPhase section */

/* Begin PBXGroup section */
		3D369D552958FB5300A6E7C4 = {
			isa = PBXGroup;
			children = (
				3D369D602958FB5300A6E7C4 /* NoCameraSound */,
				3D369D5F2958FB5300A6E7C4 /* Products */,
			);
			sourceTree = "<group>";
		};
		3D369D5F2958FB5300A6E7C4 /* Products */ = {
			isa = PBXGroup;
			children = (
				3D369D5E2958FB5300A6E7C4 /* NoCameraSound.app */,
			);
			name = Products;
			sourceTree = "<group>";
		};
		3D369D602958FB5300A6E7C4 /* NoCameraSound */ = {
			isa = PBXGroup;
			children = (
				3D9B1A9F295A1C540025A0E0 /* Localizable.strings */,
				3D369D612958FB5300A6E7C4 /* AppDelegate.h */,
				3D369D622958FB5300A6E7C4 /* AppDelegate.m */,
				3D369D642958FB5300A6E7C4 /* SceneDelegate.h */,
				3D369D652958FB5300A6E7C4 /* SceneDelegate.m */,
				3D369D672958FB5300A6E7C4 /* ViewController.h */,
				3D369D682958FB5300A6E7C4 /* ViewController.m */,
				3D369D6A2958FB5300A6E7C4 /* Main.storyboard */,
				3D369D6F2958FB5400A6E7C4 /* LaunchScreen.storyboard */,
				3D369D722958FB5400A6E7C4 /* Info.plist */,
				3D369D732958FB5400A6E7C4 /* main.m */,
				3D369D7D29590DF900A6E7C4 /* poc.h */,
				3D369D7E29590DFD00A6E7C4 /* poc.m */,
				3D369D8D2959C83F00A6E7C4 /* Assets.xcassets */,
			);
			path = NoCameraSound;
			sourceTree = "<group>";
		};
/* End PBXGroup section */

/* Begin PBXNativeTarget section */
		3D369D5D2958FB5300A6E7C4 /* NoCameraSound */ = {
			isa = PBXNativeTarget;
			buildConfigurationList = 3D369D772958FB5400A6E7C4 /* Build configuration list for PBXNativeTarget "NoCameraSound" */;
			buildPhases = (
				3D369D5A2958FB5300A6E7C4 /* Sources */,
				3D369D5B2958FB5300A6E7C4 /* Frameworks */,
				3D369D5C2958FB5300A6E7C4 /* Resources */,
			);
			buildRules = (
			);
			dependencies = (
			);
			name = NoCameraSound;
			productName = NoCameraSound;
			productReference = 3D369D5E2958FB5300A6E7C4 /* NoCameraSound.app */;
			productType = "com.apple.product-type.application";
		};
/* End PBXNativeTarget section */

/* Begin PBXProject section */
		3D369D562958FB5300A6E7C4 /* Project object */ = {
			isa = PBXProject;
			attributes = {
				BuildIndependentTargetsInParallel = 1;
				LastUpgradeCheck = 1400;
				TargetAttributes = {
					3D369D5D2958FB5300A6E7C4 = {
						CreatedOnToolsVersion = 14.0.1;
					};
				};
			};
			buildConfigurationList = 3D369D592958FB5300A6E7C4 /* Build configuration list for PBXProject "NoCameraSound" */;
			compatibilityVersion = "Xcode 14.0";
			developmentRegion = en;
			hasScannedForEncodings = 0;
			knownRegions = (
				en,
				Base,
				ja,
			);
			mainGroup = 3D369D552958FB5300A6E7C4;
			productRefGroup = 3D369D5F2958FB5300A6E7C4 /* Products */;
			projectDirPath = "";
			projectRoot = "";
			targets = (
				3D369D5D2958FB5300A6E7C4 /* NoCameraSound */,
			);
		};
/* End PBXProject section */

/* Begin PBXResourcesBuildPhase section */
		3D369D5C2958FB5300A6E7C4 /* Resources */ = {
			isa = PBXResourcesBuildPhase;
			buildActionMask = 2147483647;
			files = (
				3D369D712958FB5400A6E7C4 /* LaunchScreen.storyboard in Resources */,
				3D9B1A9D295A1C540025A0E0 /* Localizable.strings in Resources */,
				3D369D8E2959C83F00A6E7C4 /* Assets.xcassets in Resources */,
				3D369D6C2958FB5300A6E7C4 /* Main.storyboard in Resources */,
			);
			runOnlyForDeploymentPostprocessing = 0;
		};
/* End PBXResourcesBuildPhase section */

/* Begin PBXSourcesBuildPhase section */
		3D369D5A2958FB5300A6E7C4 /* Sources */ = {
			isa = PBXSourcesBuildPhase;
			buildActionMask = 2147483647;
			files = (
				3D369D692958FB5300A6E7C4 /* ViewController.m in Sources */,
				3D369D7F29590DFD00A6E7C4 /* poc.m in Sources */,
				3D369D632958FB5300A6E7C4 /* AppDelegate.m in Sources */,
				3D369D742958FB5400A6E7C4 /* main.m in Sources */,
				3D369D662958FB5300A6E7C4 /* SceneDelegate.m in Sources */,
			);
			runOnlyForDeploymentPostprocessing = 0;
		};
/* End PBXSourcesBuildPhase section */

/* Begin PBXVariantGroup section */
		3D369D6A2958FB5300A6E7C4 /* Main.storyboard */ = {
			isa = PBXVariantGroup;
			children = (
				3D369D6B2958FB5300A6E7C4 /* Base */,
				3D9B1A99295A1C230025A0E0 /* ja */,
			);
			name = Main.storyboard;
			sourceTree = "<group>";
		};
		3D369D6F2958FB5400A6E7C4 /* LaunchScreen.storyboard */ = {
			isa = PBXVariantGroup;
			children = (
				3D369D702958FB5400A6E7C4 /* Base */,
				3D9B1A9A295A1C240025A0E0 /* ja */,
			);
			name = LaunchScreen.storyboard;
			sourceTree = "<group>";
		};
		3D9B1A9F295A1C540025A0E0 /* Localizable.strings */ = {
			isa = PBXVariantGroup;
			children = (
				3D9B1A9E295A1C540025A0E0 /* ja */,
			);
			name = Localizable.strings;
			sourceTree = "<group>";
		};
/* End PBXVariantGroup section */

/* Begin XCBuildConfiguration section */
		3D369D752958FB5400A6E7C4 /* Debug */ = {
			isa = XCBuildConfiguration;
			buildSettings = {
				ALWAYS_SEARCH_USER_PATHS = NO;
				CLANG_ANALYZER_LOCALIZABILITY_NONLOCALIZED = YES;
				CLANG_ANALYZER_NONNULL = YES;
				CLANG_ANALYZER_NUMBER_OBJECT_CONVERSION = YES_AGGRESSIVE;
				CLANG_CXX_LANGUAGE_STANDARD = "gnu++20";
				CLANG_ENABLE_MODULES = YES;
				CLANG_ENABLE_OBJC_ARC = YES;
				CLANG_ENABLE_OBJC_WEAK = YES;
				CLANG_WARN_BLOCK_CAPTURE_AUTORELEASING = YES;
				CLANG_WARN_BOOL_CONVERSION = YES;
				CLANG_WARN_COMMA = YES;
				CLANG_WARN_CONSTANT_CONVERSION = YES;
				CLANG_WARN_DEPRECATED_OBJC_IMPLEMENTATIONS = YES;
				CLANG_WARN_DIRECT_OBJC_ISA_USAGE = YES_ERROR;
				CLANG_WARN_DOCUMENTATION_COMMENTS = YES;
				CLANG_WARN_EMPTY_BODY = YES;
				CLANG_WARN_ENUM_CONVERSION = YES;
				CLANG_WARN_INFINITE_RECURSION = YES;
				CLANG_WARN_INT_CONVERSION = YES;
				CLANG_WARN_NON_LITERAL_NULL_CONVERSION = YES;
				CLANG_WARN_OBJC_IMPLICIT_RETAIN_SELF = YES;
				CLANG_WARN_OBJC_LITERAL_CONVERSION = YES;
				CLANG_WARN_OBJC_ROOT_CLASS = YES_ERROR;
				CLANG_WARN_QUOTED_INCLUDE_IN_FRAMEWORK_HEADER = YES;
				CLANG_WARN_RANGE_LOOP_ANALYSIS = YES;
				CLANG_WARN_STRICT_PROTOTYPES = YES;
				CLANG_WARN_SUSPICIOUS_MOVE = YES;
				CLANG_WARN_UNGUARDED_AVAILABILITY = YES_AGGRESSIVE;
				CLANG_WARN_UNREACHABLE_CODE = YES;
				CLANG_WARN__DUPLICATE_METHOD_MATCH = YES;
				COPY_PHASE_STRIP = NO;
				DEBUG_INFORMATION_FORMAT = dwarf;
				ENABLE_STRICT_OBJC_MSGSEND = YES;
				ENABLE_TESTABILITY = YES;
				GCC_C_LANGUAGE_STANDARD = gnu11;
				GCC_DYNAMIC_NO_PIC = NO;
				GCC_NO_COMMON_BLOCKS = YES;
				GCC_OPTIMIZATION_LEVEL = 0;
				GCC_PREPROCESSOR_DEFINITIONS = (
					"DEBUG=1",
					"$(inherited)",
				);
				GCC_WARN_64_TO_32_BIT_CONVERSION = YES;
				GCC_WARN_ABOUT_RETURN_TYPE = YES_ERROR;
				GCC_WARN_UNDECLARED_SELECTOR = YES;
				GCC_WARN_UNINITIALIZED_AUTOS = YES_AGGRESSIVE;
				GCC_WARN_UNUSED_FUNCTION = YES;
				GCC_WARN_UNUSED_VARIABLE = YES;
				IPHONEOS_DEPLOYMENT_TARGET = 16.0;
				MTL_ENABLE_DEBUG_INFO = INCLUDE_SOURCE;
				MTL_FAST_MATH = YES;
				ONLY_ACTIVE_ARCH = YES;
				SDKROOT = iphoneos;
			};
			name = Debug;
		};
		3D369D762958FB5400A6E7C4 /* Release */ = {
			isa = XCBuildConfiguration;
			buildSettings = {
				ALWAYS_SEARCH_USER_PATHS = NO;
				CLANG_ANALYZER_LOCALIZABILITY_NONLOCALIZED = YES;
				CLANG_ANALYZER_NONNULL = YES;
				CLANG_ANALYZER_NUMBER_OBJECT_CONVERSION = YES_AGGRESSIVE;
				CLANG_CXX_LANGUAGE_STANDARD = "gnu++20";
				CLANG_ENABLE_MODULES = YES;
				CLANG_ENABLE_OBJC_ARC = YES;
				CLANG_ENABLE_OBJC_WEAK = YES;
				CLANG_WARN_BLOCK_CAPTURE_AUTORELEASING = YES;
				CLANG_WARN_BOOL_CONVERSION = YES;
				CLANG_WARN_COMMA = YES;
				CLANG_WARN_CONSTANT_CONVERSION = YES;
				CLANG_WARN_DEPRECATED_OBJC_IMPLEMENTATIONS = YES;
				CLANG_WARN_DIRECT_OBJC_ISA_USAGE = YES_ERROR;
				CLANG_WARN_DOCUMENTATION_COMMENTS = YES;
				CLANG_WARN_EMPTY_BODY = YES;
				CLANG_WARN_ENUM_CONVERSION = YES;
				CLANG_WARN_INFINITE_RECURSION = YES;
				CLANG_WARN_INT_CONVERSION = YES;
				CLANG_WARN_NON_LITERAL_NULL_CONVERSION = YES;
				CLANG_WARN_OBJC_IMPLICIT_RETAIN_SELF = YES;
				CLANG_WARN_OBJC_LITERAL_CONVERSION = YES;
				CLANG_WARN_OBJC_ROOT_CLASS = YES_ERROR;
				CLANG_WARN_QUOTED_INCLUDE_IN_FRAMEWORK_HEADER = YES;
				CLANG_WARN_RANGE_LOOP_ANALYSIS = YES;
				CLANG_WARN_STRICT_PROTOTYPES = YES;
				CLANG_WARN_SUSPICIOUS_MOVE = YES;
				CLANG_WARN_UNGUARDED_AVAILABILITY = YES_AGGRESSIVE;
				CLANG_WARN_UNREACHABLE_CODE = YES;
				CLANG_WARN__DUPLICATE_METHOD_MATCH = YES;
				COPY_PHASE_STRIP = NO;
				DEBUG_INFORMATION_FORMAT = "dwarf-with-dsym";
				ENABLE_NS_ASSERTIONS = NO;
				ENABLE_STRICT_OBJC_MSGSEND = YES;
				GCC_C_LANGUAGE_STANDARD = gnu11;
				GCC_NO_COMMON_BLOCKS = YES;
				GCC_WARN_64_TO_32_BIT_CONVERSION = YES;
				GCC_WARN_ABOUT_RETURN_TYPE = YES_ERROR;
				GCC_WARN_UNDECLARED_SELECTOR = YES;
				GCC_WARN_UNINITIALIZED_AUTOS = YES_AGGRESSIVE;
				GCC_WARN_UNUSED_FUNCTION = YES;
				GCC_WARN_UNUSED_VARIABLE = YES;
				IPHONEOS_DEPLOYMENT_TARGET = 16.0;
				MTL_ENABLE_DEBUG_INFO = NO;
				MTL_FAST_MATH = YES;
				SDKROOT = iphoneos;
				VALIDATE_PRODUCT = YES;
			};
			name = Release;
		};
		3D369D782958FB5400A6E7C4 /* Debug */ = {
			isa = XCBuildConfiguration;
			buildSettings = {
				ASSETCATALOG_COMPILER_APPICON_NAME = AppIcon;
				ASSETCATALOG_COMPILER_GLOBAL_ACCENT_COLOR_NAME = AccentColor;
				CODE_SIGN_STYLE = Automatic;
				CURRENT_PROJECT_VERSION = 1;
				GENERATE_INFOPLIST_FILE = YES;
				INFOPLIST_FILE = NoCameraSound/Info.plist;
				INFOPLIST_KEY_CFBundleDisplayName = NoCameraSound;
				INFOPLIST_KEY_UIApplicationSupportsIndirectInputEvents = YES;
				INFOPLIST_KEY_UILaunchStoryboardName = LaunchScreen;
				INFOPLIST_KEY_UIMainStoryboardFile = Main;
				INFOPLIST_KEY_UISupportedInterfaceOrientations_iPad = "UIInterfaceOrientationPortrait UIInterfaceOrientationPortraitUpsideDown UIInterfaceOrientationLandscapeLeft UIInterfaceOrientationLandscapeRight";
				INFOPLIST_KEY_UISupportedInterfaceOrientations_iPhone = "UIInterfaceOrientationPortrait UIInterfaceOrientationLandscapeLeft UIInterfaceOrientationLandscapeRight";
				IPHONEOS_DEPLOYMENT_TARGET = 13.0;
				LD_RUNPATH_SEARCH_PATHS = (
					"$(inherited)",
					"@executable_path/Frameworks",
				);
				MARKETING_VERSION = 4.2;
				PRODUCT_BUNDLE_IDENTIFIER = "com.straight-tamago.NoCameraSound";
				PRODUCT_NAME = "$(TARGET_NAME)";
				SWIFT_EMIT_LOC_STRINGS = YES;
				TARGETED_DEVICE_FAMILY = "1,2";
			};
			name = Debug;
		};
		3D369D792958FB5400A6E7C4 /* Release */ = {
			isa = XCBuildConfiguration;
			buildSettings = {
				ASSETCATALOG_COMPILER_APPICON_NAME = AppIcon;
				ASSETCATALOG_COMPILER_GLOBAL_ACCENT_COLOR_NAME = AccentColor;
				CODE_SIGN_STYLE = Automatic;
				CURRENT_PROJECT_VERSION = 1;
				GENERATE_INFOPLIST_FILE = YES;
				INFOPLIST_FILE = NoCameraSound/Info.plist;
				INFOPLIST_KEY_CFBundleDisplayName = NoCameraSound;
				INFOPLIST_KEY_UIApplicationSupportsIndirectInputEvents = YES;
				INFOPLIST_KEY_UILaunchStoryboardName = LaunchScreen;
				INFOPLIST_KEY_UIMainStoryboardFile = Main;
				INFOPLIST_KEY_UISupportedInterfaceOrientations_iPad = "UIInterfaceOrientationPortrait UIInterfaceOrientationPortraitUpsideDown UIInterfaceOrientationLandscapeLeft UIInterfaceOrientationLandscapeRight";
				INFOPLIST_KEY_UISupportedInterfaceOrientations_iPhone = "UIInterfaceOrientationPortrait UIInterfaceOrientationLandscapeLeft UIInterfaceOrientationLandscapeRight";
				IPHONEOS_DEPLOYMENT_TARGET = 13.0;
				LD_RUNPATH_SEARCH_PATHS = (
					"$(inherited)",
					"@executable_path/Frameworks",
				);
				MARKETING_VERSION = 4.2;
				PRODUCT_BUNDLE_IDENTIFIER = "com.straight-tamago.NoCameraSound";
				PRODUCT_NAME = "$(TARGET_NAME)";
				SWIFT_EMIT_LOC_STRINGS = YES;
				TARGETED_DEVICE_FAMILY = "1,2";
			};
			name = Release;
		};
/* End XCBuildConfiguration section */

/* Begin XCConfigurationList section */
		3D369D592958FB5300A6E7C4 /* Build configuration list for PBXProject "NoCameraSound" */ = {
			isa = XCConfigurationList;
			buildConfigurations = (
				3D369D752958FB5400A6E7C4 /* Debug */,
				3D369D762958FB5400A6E7C4 /* Release */,
			);
			defaultConfigurationIsVisible = 0;
			defaultConfigurationName = Release;
		};
		3D369D772958FB5400A6E7C4 /* Build configuration list for PBXNativeTarget "NoCameraSound" */ = {
			isa = XCConfigurationList;
			buildConfigurations = (
				3D369D782958FB5400A6E7C4 /* Debug */,
				3D369D792958FB5400A6E7C4 /* Release */,
			);
			defaultConfigurationIsVisible = 0;
			defaultConfigurationName = Release;
		};
/* End XCConfigurationList section */
	};
	rootObject = 3D369D562958FB5300A6E7C4 /* Project object */;
}
